// !$*UTF8*$!
{
	archiveVersion = 1;
	classes = {
	};
	objectVersion = 50;
	objects = {

/* Begin PBXBuildFile section */
		340A255F24AA15E8004DEA4C /* ItemDetailViewController.swift in Sources */ = {isa = PBXBuildFile; fileRef = 340A255E24AA15E8004DEA4C /* ItemDetailViewController.swift */; };
		343C0E1924A38F4B00FCDD11 /* AppDelegate.swift in Sources */ = {isa = PBXBuildFile; fileRef = 343C0E1824A38F4B00FCDD11 /* AppDelegate.swift */; };
		343C0E1B24A38F4B00FCDD11 /* SceneDelegate.swift in Sources */ = {isa = PBXBuildFile; fileRef = 343C0E1A24A38F4B00FCDD11 /* SceneDelegate.swift */; };
		343C0E1D24A38F4B00FCDD11 /* ChecklistViewController.swift in Sources */ = {isa = PBXBuildFile; fileRef = 343C0E1C24A38F4B00FCDD11 /* ChecklistViewController.swift */; };
		343C0E2024A38F4B00FCDD11 /* Main.storyboard in Resources */ = {isa = PBXBuildFile; fileRef = 343C0E1E24A38F4B00FCDD11 /* Main.storyboard */; };
		343C0E2224A38F4D00FCDD11 /* Assets.xcassets in Resources */ = {isa = PBXBuildFile; fileRef = 343C0E2124A38F4D00FCDD11 /* Assets.xcassets */; };
		343C0E2524A38F4D00FCDD11 /* LaunchScreen.storyboard in Resources */ = {isa = PBXBuildFile; fileRef = 343C0E2324A38F4D00FCDD11 /* LaunchScreen.storyboard */; };
		3495402D24A9FCE3000C0002 /* ChecklistItem.swift in Sources */ = {isa = PBXBuildFile; fileRef = 3495402C24A9FCE3000C0002 /* ChecklistItem.swift */; };
		3495402F24AA0382000C0002 /* TodoList.swift in Sources */ = {isa = PBXBuildFile; fileRef = 3495402E24AA0382000C0002 /* TodoList.swift */; };
/* End PBXBuildFile section */

/* Begin PBXFileReference section */
		340A255E24AA15E8004DEA4C /* ItemDetailViewController.swift */ = {isa = PBXFileReference; lastKnownFileType = sourcecode.swift; path = ItemDetailViewController.swift; sourceTree = "<group>"; };
		343C0E1524A38F4B00FCDD11 /* RW-Checklist.app */ = {isa = PBXFileReference; explicitFileType = wrapper.application; includeInIndex = 0; path = "RW-Checklist.app"; sourceTree = BUILT_PRODUCTS_DIR; };
		343C0E1824A38F4B00FCDD11 /* AppDelegate.swift */ = {isa = PBXFileReference; lastKnownFileType = sourcecode.swift; path = AppDelegate.swift; sourceTree = "<group>"; };
		343C0E1A24A38F4B00FCDD11 /* SceneDelegate.swift */ = {isa = PBXFileReference; lastKnownFileType = sourcecode.swift; path = SceneDelegate.swift; sourceTree = "<group>"; };
		343C0E1C24A38F4B00FCDD11 /* ChecklistViewController.swift */ = {isa = PBXFileReference; lastKnownFileType = sourcecode.swift; path = ChecklistViewController.swift; sourceTree = "<group>"; };
		343C0E1F24A38F4B00FCDD11 /* Base */ = {isa = PBXFileReference; lastKnownFileType = file.storyboard; name = Base; path = Base.lproj/Main.storyboard; sourceTree = "<group>"; };
		343C0E2124A38F4D00FCDD11 /* Assets.xcassets */ = {isa = PBXFileReference; lastKnownFileType = folder.assetcatalog; path = Assets.xcassets; sourceTree = "<group>"; };
		343C0E2424A38F4D00FCDD11 /* Base */ = {isa = PBXFileReference; lastKnownFileType = file.storyboard; name = Base; path = Base.lproj/LaunchScreen.storyboard; sourceTree = "<group>"; };
		343C0E2624A38F4D00FCDD11 /* Info.plist */ = {isa = PBXFileReference; lastKnownFileType = text.plist.xml; path = Info.plist; sourceTree = "<group>"; };
		3495402C24A9FCE3000C0002 /* ChecklistItem.swift */ = {isa = PBXFileReference; lastKnownFileType = sourcecode.swift; path = ChecklistItem.swift; sourceTree = "<group>"; };
		3495402E24AA0382000C0002 /* TodoList.swift */ = {isa = PBXFileReference; lastKnownFileType = sourcecode.swift; path = TodoList.swift; sourceTree = "<group>"; };
/* End PBXFileReference section */

/* Begin PBXFrameworksBuildPhase section */
		343C0E1224A38F4B00FCDD11 /* Frameworks */ = {
			isa = PBXFrameworksBuildPhase;
			buildActionMask = 2147483647;
			files = (
			);
			runOnlyForDeploymentPostprocessing = 0;
		};
/* End PBXFrameworksBuildPhase section */

/* Begin PBXGroup section */
		340A255D24AA15C5004DEA4C /* View Controllers */ = {
			isa = PBXGroup;
			children = (
				340A255E24AA15E8004DEA4C /* ItemDetailViewController.swift */,
				343C0E1C24A38F4B00FCDD11 /* ChecklistViewController.swift */,
			);
			path = "View Controllers";
			sourceTree = "<group>";
		};
		343C0E0C24A38F4B00FCDD11 = {
			isa = PBXGroup;
			children = (
				343C0E1724A38F4B00FCDD11 /* RW-Checklist */,
				343C0E1624A38F4B00FCDD11 /* Products */,
			);
			sourceTree = "<group>";
		};
		343C0E1624A38F4B00FCDD11 /* Products */ = {
			isa = PBXGroup;
			children = (
				343C0E1524A38F4B00FCDD11 /* RW-Checklist.app */,
			);
			name = Products;
			sourceTree = "<group>";
		};
		343C0E1724A38F4B00FCDD11 /* RW-Checklist */ = {
			isa = PBXGroup;
			children = (
				340A255D24AA15C5004DEA4C /* View Controllers */,
				3495402B24A9FCD7000C0002 /* Model */,
				343C0E1824A38F4B00FCDD11 /* AppDelegate.swift */,
				343C0E1A24A38F4B00FCDD11 /* SceneDelegate.swift */,
				343C0E1E24A38F4B00FCDD11 /* Main.storyboard */,
				343C0E2124A38F4D00FCDD11 /* Assets.xcassets */,
				343C0E2324A38F4D00FCDD11 /* LaunchScreen.storyboard */,
				343C0E2624A38F4D00FCDD11 /* Info.plist */,
			);
			path = "RW-Checklist";
			sourceTree = "<group>";
		};
		3495402B24A9FCD7000C0002 /* Model */ = {
			isa = PBXGroup;
			children = (
				3495402E24AA0382000C0002 /* TodoList.swift */,
				3495402C24A9FCE3000C0002 /* ChecklistItem.swift */,
			);
			path = Model;
			sourceTree = "<group>";
		};
/* End PBXGroup section */

/* Begin PBXNativeTarget section */
		343C0E1424A38F4B00FCDD11 /* RW-Checklist */ = {
			isa = PBXNativeTarget;
			buildConfigurationList = 343C0E2924A38F4D00FCDD11 /* Build configuration list for PBXNativeTarget "RW-Checklist" */;
			buildPhases = (
				343C0E1124A38F4B00FCDD11 /* Sources */,
				343C0E1224A38F4B00FCDD11 /* Frameworks */,
				343C0E1324A38F4B00FCDD11 /* Resources */,
			);
			buildRules = (
			);
			dependencies = (
			);
			name = "RW-Checklist";
			productName = "RW-Checklist";
			productReference = 343C0E1524A38F4B00FCDD11 /* RW-Checklist.app */;
			productType = "com.apple.product-type.application";
		};
/* End PBXNativeTarget section */

/* Begin PBXProject section */
		343C0E0D24A38F4B00FCDD11 /* Project object */ = {
			isa = PBXProject;
			attributes = {
				LastSwiftUpdateCheck = 1150;
				LastUpgradeCheck = 1150;
				ORGANIZATIONNAME = "Islombek Khasanov";
				TargetAttributes = {
					343C0E1424A38F4B00FCDD11 = {
						CreatedOnToolsVersion = 11.5;
					};
				};
			};
			buildConfigurationList = 343C0E1024A38F4B00FCDD11 /* Build configuration list for PBXProject "RW-Checklist" */;
			compatibilityVersion = "Xcode 9.3";
			developmentRegion = en;
			hasScannedForEncodings = 0;
			knownRegions = (
				en,
				Base,
			);
			mainGroup = 343C0E0C24A38F4B00FCDD11;
			productRefGroup = 343C0E1624A38F4B00FCDD11 /* Products */;
			projectDirPath = "";
			projectRoot = "";
			targets = (
				343C0E1424A38F4B00FCDD11 /* RW-Checklist */,
			);
		};
/* End PBXProject section */

/* Begin PBXResourcesBuildPhase section */
		343C0E1324A38F4B00FCDD11 /* Resources */ = {
			isa = PBXResourcesBuildPhase;
			buildActionMask = 2147483647;
			files = (
				343C0E2524A38F4D00FCDD11 /* LaunchScreen.storyboard in Resources */,
				343C0E2224A38F4D00FCDD11 /* Assets.xcassets in Resources */,
				343C0E2024A38F4B00FCDD11 /* Main.storyboard in Resources */,
			);
			runOnlyForDeploymentPostprocessing = 0;
		};
/* End PBXResourcesBuildPhase section */

/* Begin PBXSourcesBuildPhase section */
		343C0E1124A38F4B00FCDD11 /* Sources */ = {
			isa = PBXSourcesBuildPhase;
			buildActionMask = 2147483647;
			files = (
				343C0E1D24A38F4B00FCDD11 /* ChecklistViewController.swift in Sources */,
				3495402F24AA0382000C0002 /* TodoList.swift in Sources */,
				340A255F24AA15E8004DEA4C /* ItemDetailViewController.swift in Sources */,
				343C0E1924A38F4B00FCDD11 /* AppDelegate.swift in Sources */,
				343C0E1B24A38F4B00FCDD11 /* SceneDelegate.swift in Sources */,
				3495402D24A9FCE3000C0002 /* ChecklistItem.swift in Sources */,
			);
			runOnlyForDeploymentPostprocessing = 0;
		};
/* End PBXSourcesBuildPhase section */

/* Begin PBXVariantGroup section */
		343C0E1E24A38F4B00FCDD11 /* Main.storyboard */ = {
			isa = PBXVariantGroup;
			children = (
				343C0E1F24A38F4B00FCDD11 /* Base */,
			);
			name = Main.storyboard;
			sourceTree = "<group>";
		};
		343C0E2324A38F4D00FCDD11 /* LaunchScreen.storyboard */ = {
			isa = PBXVariantGroup;
			children = (
				343C0E2424A38F4D00FCDD11 /* Base */,
			);
			name = LaunchScreen.storyboard;
			sourceTree = "<group>";
		};
/* End PBXVariantGroup section */

/* Begin XCBuildConfiguration section */
		343C0E2724A38F4D00FCDD11 /* Debug */ = {
			isa = XCBuildConfiguration;
			buildSettings = {
				ALWAYS_SEARCH_USER_PATHS = NO;
				CLANG_ANALYZER_NONNULL = YES;
				CLANG_ANALYZER_NUMBER_OBJECT_CONVERSION = YES_AGGRESSIVE;
				CLANG_CXX_LANGUAGE_STANDARD = "gnu++14";
				CLANG_CXX_LIBRARY = "libc++";
				CLANG_ENABLE_MODULES = YES;
				CLANG_ENABLE_OBJC_ARC = YES;
				CLANG_ENABLE_OBJC_WEAK = YES;
				CLANG_WARN_BLOCK_CAPTURE_AUTORELEASING = YES;
				CLANG_WARN_BOOL_CONVERSION = YES;
				CLANG_WARN_COMMA = YES;
				CLANG_WARN_CONSTANT_CONVERSION = YES;
				CLANG_WARN_DEPRECATED_OBJC_IMPLEMENTATIONS = YES;
				CLANG_WARN_DIRECT_OBJC_ISA_USAGE = YES_ERROR;
				CLANG_WARN_DOCUMENTATION_COMMENTS = YES;
				CLANG_WARN_EMPTY_BODY = YES;
				CLANG_WARN_ENUM_CONVERSION = YES;
				CLANG_WARN_INFINITE_RECURSION = YES;
				CLANG_WARN_INT_CONVERSION = YES;
				CLANG_WARN_NON_LITERAL_NULL_CONVERSION = YES;
				CLANG_WARN_OBJC_IMPLICIT_RETAIN_SELF = YES;
				CLANG_WARN_OBJC_LITERAL_CONVERSION = YES;
				CLANG_WARN_OBJC_ROOT_CLASS = YES_ERROR;
				CLANG_WARN_RANGE_LOOP_ANALYSIS = YES;
				CLANG_WARN_STRICT_PROTOTYPES = YES;
				CLANG_WARN_SUSPICIOUS_MOVE = YES;
				CLANG_WARN_UNGUARDED_AVAILABILITY = YES_AGGRESSIVE;
				CLANG_WARN_UNREACHABLE_CODE = YES;
				CLANG_WARN__DUPLICATE_METHOD_MATCH = YES;
				COPY_PHASE_STRIP = NO;
				DEBUG_INFORMATION_FORMAT = dwarf;
				ENABLE_STRICT_OBJC_MSGSEND = YES;
				ENABLE_TESTABILITY = YES;
				GCC_C_LANGUAGE_STANDARD = gnu11;
				GCC_DYNAMIC_NO_PIC = NO;
				GCC_NO_COMMON_BLOCKS = YES;
				GCC_OPTIMIZATION_LEVEL = 0;
				GCC_PREPROCESSOR_DEFINITIONS = (
					"DEBUG=1",
					"$(inherited)",
				);
				GCC_WARN_64_TO_32_BIT_CONVERSION = YES;
				GCC_WARN_ABOUT_RETURN_TYPE = YES_ERROR;
				GCC_WARN_UNDECLARED_SELECTOR = YES;
				GCC_WARN_UNINITIALIZED_AUTOS = YES_AGGRESSIVE;
				GCC_WARN_UNUSED_FUNCTION = YES;
				GCC_WARN_UNUSED_VARIABLE = YES;
				IPHONEOS_DEPLOYMENT_TARGET = 13.5;
				MTL_ENABLE_DEBUG_INFO = INCLUDE_SOURCE;
				MTL_FAST_MATH = YES;
				ONLY_ACTIVE_ARCH = YES;
				SDKROOT = iphoneos;
				SWIFT_ACTIVE_COMPILATION_CONDITIONS = DEBUG;
				SWIFT_OPTIMIZATION_LEVEL = "-Onone";
			};
			name = Debug;
		};
		343C0E2824A38F4D00FCDD11 /* Release */ = {
			isa = XCBuildConfiguration;
			buildSettings = {
				ALWAYS_SEARCH_USER_PATHS = NO;
				CLANG_ANALYZER_NONNULL = YES;
				CLANG_ANALYZER_NUMBER_OBJECT_CONVERSION = YES_AGGRESSIVE;
				CLANG_CXX_LANGUAGE_STANDARD = "gnu++14";
				CLANG_CXX_LIBRARY = "libc++";
				CLANG_ENABLE_MODULES = YES;
				CLANG_ENABLE_OBJC_ARC = YES;
				CLANG_ENABLE_OBJC_WEAK = YES;
				CLANG_WARN_BLOCK_CAPTURE_AUTORELEASING = YES;
				CLANG_WARN_BOOL_CONVERSION = YES;
				CLANG_WARN_COMMA = YES;
				CLANG_WARN_CONSTANT_CONVERSION = YES;
				CLANG_WARN_DEPRECATED_OBJC_IMPLEMENTATIONS = YES;
				CLANG_WARN_DIRECT_OBJC_ISA_USAGE = YES_ERROR;
				CLANG_WARN_DOCUMENTATION_COMMENTS = YES;
				CLANG_WARN_EMPTY_BODY = YES;
				CLANG_WARN_ENUM_CONVERSION = YES;
				CLANG_WARN_INFINITE_RECURSION = YES;
				CLANG_WARN_INT_CONVERSION = YES;
				CLANG_WARN_NON_LITERAL_NULL_CONVERSION = YES;
				CLANG_WARN_OBJC_IMPLICIT_RETAIN_SELF = YES;
				CLANG_WARN_OBJC_LITERAL_CONVERSION = YES;
				CLANG_WARN_OBJC_ROOT_CLASS = YES_ERROR;
				CLANG_WARN_RANGE_LOOP_ANALYSIS = YES;
				CLANG_WARN_STRICT_PROTOTYPES = YES;
				CLANG_WARN_SUSPICIOUS_MOVE = YES;
				CLANG_WARN_UNGUARDED_AVAILABILITY = YES_AGGRESSIVE;
				CLANG_WARN_UNREACHABLE_CODE = YES;
				CLANG_WARN__DUPLICATE_METHOD_MATCH = YES;
				COPY_PHASE_STRIP = NO;
				DEBUG_INFORMATION_FORMAT = "dwarf-with-dsym";
				ENABLE_NS_ASSERTIONS = NO;
				ENABLE_STRICT_OBJC_MSGSEND = YES;
				GCC_C_LANGUAGE_STANDARD = gnu11;
				GCC_NO_COMMON_BLOCKS = YES;
				GCC_WARN_64_TO_32_BIT_CONVERSION = YES;
				GCC_WARN_ABOUT_RETURN_TYPE = YES_ERROR;
				GCC_WARN_UNDECLARED_SELECTOR = YES;
				GCC_WARN_UNINITIALIZED_AUTOS = YES_AGGRESSIVE;
				GCC_WARN_UNUSED_FUNCTION = YES;
				GCC_WARN_UNUSED_VARIABLE = YES;
				IPHONEOS_DEPLOYMENT_TARGET = 13.5;
				MTL_ENABLE_DEBUG_INFO = NO;
				MTL_FAST_MATH = YES;
				SDKROOT = iphoneos;
				SWIFT_COMPILATION_MODE = wholemodule;
				SWIFT_OPTIMIZATION_LEVEL = "-O";
				VALIDATE_PRODUCT = YES;
			};
			name = Release;
		};
		343C0E2A24A38F4D00FCDD11 /* Debug */ = {
			isa = XCBuildConfiguration;
			buildSettings = {
				ASSETCATALOG_COMPILER_APPICON_NAME = AppIcon;
				CODE_SIGN_STYLE = Automatic;
				DEVELOPMENT_TEAM = F3VPYQS5R8;
				INFOPLIST_FILE = "RW-Checklist/Info.plist";
				LD_RUNPATH_SEARCH_PATHS = (
					"$(inherited)",
					"@executable_path/Frameworks",
				);
				PRODUCT_BUNDLE_IDENTIFIER = "com.khasanovislombek.RW-Checklist";
				PRODUCT_NAME = "$(TARGET_NAME)";
				SDKROOT = iphoneos;
				SUPPORTED_PLATFORMS = "iphonesimulator iphoneos";
				SWIFT_VERSION = 5.0;
				TARGETED_DEVICE_FAMILY = "1,2";
			};
			name = Debug;
		};
		343C0E2B24A38F4D00FCDD11 /* Release */ = {
			isa = XCBuildConfiguration;
			buildSettings = {
				ASSETCATALOG_COMPILER_APPICON_NAME = AppIcon;
				CODE_SIGN_STYLE = Automatic;
				DEVELOPMENT_TEAM = F3VPYQS5R8;
				INFOPLIST_FILE = "RW-Checklist/Info.plist";
				LD_RUNPATH_SEARCH_PATHS = (
					"$(inherited)",
					"@executable_path/Frameworks",
				);
				PRODUCT_BUNDLE_IDENTIFIER = "com.khasanovislombek.RW-Checklist";
				PRODUCT_NAME = "$(TARGET_NAME)";
				SDKROOT = iphoneos;
				SUPPORTED_PLATFORMS = "iphonesimulator iphoneos";
				SWIFT_VERSION = 5.0;
				TARGETED_DEVICE_FAMILY = "1,2";
			};
			name = Release;
		};
/* End XCBuildConfiguration section */

/* Begin XCConfigurationList section */
		343C0E1024A38F4B00FCDD11 /* Build configuration list for PBXProject "RW-Checklist" */ = {
			isa = XCConfigurationList;
			buildConfigurations = (
				343C0E2724A38F4D00FCDD11 /* Debug */,
				343C0E2824A38F4D00FCDD11 /* Release */,
			);
			defaultConfigurationIsVisible = 0;
			defaultConfigurationName = Release;
		};
		343C0E2924A38F4D00FCDD11 /* Build configuration list for PBXNativeTarget "RW-Checklist" */ = {
			isa = XCConfigurationList;
			buildConfigurations = (
				343C0E2A24A38F4D00FCDD11 /* Debug */,
				343C0E2B24A38F4D00FCDD11 /* Release */,
			);
			defaultConfigurationIsVisible = 0;
			defaultConfigurationName = Release;
		};
/* End XCConfigurationList section */
	};
	rootObject = 343C0E0D24A38F4B00FCDD11 /* Project object */;
}
